
Microsoft Visual Studio Solution File, Format Version 12.00
# Visual Studio Version 17
VisualStudioVersion = 17.13.35818.85
MinimumVisualStudioVersion = 10.0.40219.1
Project("{FAE04EC0-301F-11D3-BF4B-00C04F79EFBC}") = "TubesV3", "TubesV3.csproj", "{ED2093A8-2378-430B-BC93-5E6165CFE198}"
EndProject
Project("{FAE04EC0-301F-11D3-BF4B-00C04F79EFBC}") = "TestProject2", "..\TestProject2\TestProject2.csproj", "{14EA99EA-2999-48B2-871E-DEADE7206214}"
EndProject
Global
	GlobalSection(SolutionConfigurationPlatforms) = preSolution
		Debug|Any CPU = Debug|Any CPU
		Release|Any CPU = Release|Any CPU
	EndGlobalSection
	GlobalSection(ProjectConfigurationPlatforms) = postSolution
		{ED2093A8-2378-430B-BC93-5E6165CFE198}.Debug|Any CPU.ActiveCfg = Debug|Any CPU
		{ED2093A8-2378-430B-BC93-5E6165CFE198}.Debug|Any CPU.Build.0 = Debug|Any CPU
		{ED2093A8-2378-430B-BC93-5E6165CFE198}.Release|Any CPU.ActiveCfg = Release|Any CPU
		{ED2093A8-2378-430B-BC93-5E6165CFE198}.Release|Any CPU.Build.0 = Release|Any CPU
		{14EA99EA-2999-48B2-871E-DEADE7206214}.Debug|Any CPU.ActiveCfg = Debug|Any CPU
		{14EA99EA-2999-48B2-871E-DEADE7206214}.Debug|Any CPU.Build.0 = Debug|Any CPU
		{14EA99EA-2999-48B2-871E-DEADE7206214}.Release|Any CPU.ActiveCfg = Release|Any CPU
		{14EA99EA-2999-48B2-871E-DEADE7206214}.Release|Any CPU.Build.0 = Release|Any CPU
	EndGlobalSection
	GlobalSection(SolutionProperties) = preSolution
		HideSolutionNode = FALSE
	EndGlobalSection
	GlobalSection(ExtensibilityGlobals) = postSolution
		SolutionGuid = {A7E1A97F-FD55-4DB1-8157-CFCD847C19FD}
	EndGlobalSection
EndGlobal
